// !$*UTF8*$!
{
	archiveVersion = 1;
	classes = {
	};
	objectVersion = 46;
	objects = {

/* Begin PBXBuildFile section */
		BD7431E91C7845E1007BC0FE /* AppDelegate.swift in Sources */ = {isa = PBXBuildFile; fileRef = BD7431E81C7845E1007BC0FE /* AppDelegate.swift */; };
		BD7431EB1C7845E1007BC0FE /* ViewController.swift in Sources */ = {isa = PBXBuildFile; fileRef = BD7431EA1C7845E1007BC0FE /* ViewController.swift */; };
		BD7431EE1C7845E1007BC0FE /* Main.storyboard in Resources */ = {isa = PBXBuildFile; fileRef = BD7431EC1C7845E1007BC0FE /* Main.storyboard */; };
		BD7431F11C7845E1007BC0FE /* Flashlight.xcdatamodeld in Sources */ = {isa = PBXBuildFile; fileRef = BD7431EF1C7845E1007BC0FE /* Flashlight.xcdatamodeld */; };
		BD7431F31C7845E1007BC0FE /* Assets.xcassets in Resources */ = {isa = PBXBuildFile; fileRef = BD7431F21C7845E1007BC0FE /* Assets.xcassets */; };
		BD7431F61C7845E1007BC0FE /* LaunchScreen.storyboard in Resources */ = {isa = PBXBuildFile; fileRef = BD7431F41C7845E1007BC0FE /* LaunchScreen.storyboard */; };
		BD7432011C7845E1007BC0FE /* FlashlightTests.swift in Sources */ = {isa = PBXBuildFile; fileRef = BD7432001C7845E1007BC0FE /* FlashlightTests.swift */; };
		BD74320C1C7845E1007BC0FE /* FlashlightUITests.swift in Sources */ = {isa = PBXBuildFile; fileRef = BD74320B1C7845E1007BC0FE /* FlashlightUITests.swift */; };
		BD74321A1C7845F7007BC0FE /* 4726911025_5ac7294ef6.jpg in Resources */ = {isa = PBXBuildFile; fileRef = BD7432191C7845F7007BC0FE /* 4726911025_5ac7294ef6.jpg */; };
/* End PBXBuildFile section */

/* Begin PBXContainerItemProxy section */
		BD7431FD1C7845E1007BC0FE /* PBXContainerItemProxy */ = {
			isa = PBXContainerItemProxy;
			containerPortal = BD7431DD1C7845E1007BC0FE /* Project object */;
			proxyType = 1;
			remoteGlobalIDString = BD7431E41C7845E1007BC0FE;
			remoteInfo = Flashlight;
		};
		BD7432081C7845E1007BC0FE /* PBXContainerItemProxy */ = {
			isa = PBXContainerItemProxy;
			containerPortal = BD7431DD1C7845E1007BC0FE /* Project object */;
			proxyType = 1;
			remoteGlobalIDString = BD7431E41C7845E1007BC0FE;
			remoteInfo = Flashlight;
		};
/* End PBXContainerItemProxy section */

/* Begin PBXFileReference section */
		BD7431E51C7845E1007BC0FE /* Flashlight.app */ = {isa = PBXFileReference; explicitFileType = wrapper.application; includeInIndex = 0; path = Flashlight.app; sourceTree = BUILT_PRODUCTS_DIR; };
		BD7431E81C7845E1007BC0FE /* AppDelegate.swift */ = {isa = PBXFileReference; lastKnownFileType = sourcecode.swift; path = AppDelegate.swift; sourceTree = "<group>"; };
		BD7431EA1C7845E1007BC0FE /* ViewController.swift */ = {isa = PBXFileReference; lastKnownFileType = sourcecode.swift; path = ViewController.swift; sourceTree = "<group>"; };
		BD7431ED1C7845E1007BC0FE /* Base */ = {isa = PBXFileReference; lastKnownFileType = file.storyboard; name = Base; path = Base.lproj/Main.storyboard; sourceTree = "<group>"; };
		BD7431F01C7845E1007BC0FE /* Flashlight.xcdatamodel */ = {isa = PBXFileReference; lastKnownFileType = wrapper.xcdatamodel; path = Flashlight.xcdatamodel; sourceTree = "<group>"; };
		BD7431F21C7845E1007BC0FE /* Assets.xcassets */ = {isa = PBXFileReference; lastKnownFileType = folder.assetcatalog; path = Assets.xcassets; sourceTree = "<group>"; };
		BD7431F51C7845E1007BC0FE /* Base */ = {isa = PBXFileReference; lastKnownFileType = file.storyboard; name = Base; path = Base.lproj/LaunchScreen.storyboard; sourceTree = "<group>"; };
		BD7431F71C7845E1007BC0FE /* Info.plist */ = {isa = PBXFileReference; lastKnownFileType = text.plist.xml; path = Info.plist; sourceTree = "<group>"; };
		BD7431FC1C7845E1007BC0FE /* FlashlightTests.xctest */ = {isa = PBXFileReference; explicitFileType = wrapper.cfbundle; includeInIndex = 0; path = FlashlightTests.xctest; sourceTree = BUILT_PRODUCTS_DIR; };
		BD7432001C7845E1007BC0FE /* FlashlightTests.swift */ = {isa = PBXFileReference; lastKnownFileType = sourcecode.swift; path = FlashlightTests.swift; sourceTree = "<group>"; };
		BD7432021C7845E1007BC0FE /* Info.plist */ = {isa = PBXFileReference; lastKnownFileType = text.plist.xml; path = Info.plist; sourceTree = "<group>"; };
		BD7432071C7845E1007BC0FE /* FlashlightUITests.xctest */ = {isa = PBXFileReference; explicitFileType = wrapper.cfbundle; includeInIndex = 0; path = FlashlightUITests.xctest; sourceTree = BUILT_PRODUCTS_DIR; };
		BD74320B1C7845E1007BC0FE /* FlashlightUITests.swift */ = {isa = PBXFileReference; lastKnownFileType = sourcecode.swift; path = FlashlightUITests.swift; sourceTree = "<group>"; };
		BD74320D1C7845E1007BC0FE /* Info.plist */ = {isa = PBXFileReference; lastKnownFileType = text.plist.xml; path = Info.plist; sourceTree = "<group>"; };
		BD7432191C7845F7007BC0FE /* 4726911025_5ac7294ef6.jpg */ = {isa = PBXFileReference; lastKnownFileType = image.jpeg; name = 4726911025_5ac7294ef6.jpg; path = ../../../Desktop/4726911025_5ac7294ef6.jpg; sourceTree = "<group>"; };
/* End PBXFileReference section */

/* Begin PBXFrameworksBuildPhase section */
		BD7431E21C7845E1007BC0FE /* Frameworks */ = {
			isa = PBXFrameworksBuildPhase;
			buildActionMask = 2147483647;
			files = (
			);
			runOnlyForDeploymentPostprocessing = 0;
		};
		BD7431F91C7845E1007BC0FE /* Frameworks */ = {
			isa = PBXFrameworksBuildPhase;
			buildActionMask = 2147483647;
			files = (
			);
			runOnlyForDeploymentPostprocessing = 0;
		};
		BD7432041C7845E1007BC0FE /* Frameworks */ = {
			isa = PBXFrameworksBuildPhase;
			buildActionMask = 2147483647;
			files = (
			);
			runOnlyForDeploymentPostprocessing = 0;
		};
/* End PBXFrameworksBuildPhase section */

/* Begin PBXGroup section */
		BD7431DC1C7845E1007BC0FE = {
			isa = PBXGroup;
			children = (
				BD7431E71C7845E1007BC0FE /* Flashlight */,
				BD7431FF1C7845E1007BC0FE /* FlashlightTests */,
				BD74320A1C7845E1007BC0FE /* FlashlightUITests */,
				BD7431E61C7845E1007BC0FE /* Products */,
			);
			sourceTree = "<group>";
		};
		BD7431E61C7845E1007BC0FE /* Products */ = {
			isa = PBXGroup;
			children = (
				BD7431E51C7845E1007BC0FE /* Flashlight.app */,
				BD7431FC1C7845E1007BC0FE /* FlashlightTests.xctest */,
				BD7432071C7845E1007BC0FE /* FlashlightUITests.xctest */,
			);
			name = Products;
			sourceTree = "<group>";
		};
		BD7431E71C7845E1007BC0FE /* Flashlight */ = {
			isa = PBXGroup;
			children = (
				BD7432191C7845F7007BC0FE /* 4726911025_5ac7294ef6.jpg */,
				BD7431E81C7845E1007BC0FE /* AppDelegate.swift */,
				BD7431EA1C7845E1007BC0FE /* ViewController.swift */,
				BD7431EC1C7845E1007BC0FE /* Main.storyboard */,
				BD7431F21C7845E1007BC0FE /* Assets.xcassets */,
				BD7431F41C7845E1007BC0FE /* LaunchScreen.storyboard */,
				BD7431F71C7845E1007BC0FE /* Info.plist */,
				BD7431EF1C7845E1007BC0FE /* Flashlight.xcdatamodeld */,
			);
			path = Flashlight;
			sourceTree = "<group>";
		};
		BD7431FF1C7845E1007BC0FE /* FlashlightTests */ = {
			isa = PBXGroup;
			children = (
				BD7432001C7845E1007BC0FE /* FlashlightTests.swift */,
				BD7432021C7845E1007BC0FE /* Info.plist */,
			);
			path = FlashlightTests;
			sourceTree = "<group>";
		};
		BD74320A1C7845E1007BC0FE /* FlashlightUITests */ = {
			isa = PBXGroup;
			children = (
				BD74320B1C7845E1007BC0FE /* FlashlightUITests.swift */,
				BD74320D1C7845E1007BC0FE /* Info.plist */,
			);
			path = FlashlightUITests;
			sourceTree = "<group>";
		};
/* End PBXGroup section */

/* Begin PBXNativeTarget section */
		BD7431E41C7845E1007BC0FE /* Flashlight */ = {
			isa = PBXNativeTarget;
			buildConfigurationList = BD7432101C7845E1007BC0FE /* Build configuration list for PBXNativeTarget "Flashlight" */;
			buildPhases = (
				BD7431E11C7845E1007BC0FE /* Sources */,
				BD7431E21C7845E1007BC0FE /* Frameworks */,
				BD7431E31C7845E1007BC0FE /* Resources */,
			);
			buildRules = (
			);
			dependencies = (
			);
			name = Flashlight;
			productName = Flashlight;
			productReference = BD7431E51C7845E1007BC0FE /* Flashlight.app */;
			productType = "com.apple.product-type.application";
		};
		BD7431FB1C7845E1007BC0FE /* FlashlightTests */ = {
			isa = PBXNativeTarget;
			buildConfigurationList = BD7432131C7845E1007BC0FE /* Build configuration list for PBXNativeTarget "FlashlightTests" */;
			buildPhases = (
				BD7431F81C7845E1007BC0FE /* Sources */,
				BD7431F91C7845E1007BC0FE /* Frameworks */,
				BD7431FA1C7845E1007BC0FE /* Resources */,
			);
			buildRules = (
			);
			dependencies = (
				BD7431FE1C7845E1007BC0FE /* PBXTargetDependency */,
			);
			name = FlashlightTests;
			productName = FlashlightTests;
			productReference = BD7431FC1C7845E1007BC0FE /* FlashlightTests.xctest */;
			productType = "com.apple.product-type.bundle.unit-test";
		};
		BD7432061C7845E1007BC0FE /* FlashlightUITests */ = {
			isa = PBXNativeTarget;
			buildConfigurationList = BD7432161C7845E1007BC0FE /* Build configuration list for PBXNativeTarget "FlashlightUITests" */;
			buildPhases = (
				BD7432031C7845E1007BC0FE /* Sources */,
				BD7432041C7845E1007BC0FE /* Frameworks */,
				BD7432051C7845E1007BC0FE /* Resources */,
			);
			buildRules = (
			);
			dependencies = (
				BD7432091C7845E1007BC0FE /* PBXTargetDependency */,
			);
			name = FlashlightUITests;
			productName = FlashlightUITests;
			productReference = BD7432071C7845E1007BC0FE /* FlashlightUITests.xctest */;
			productType = "com.apple.product-type.bundle.ui-testing";
		};
/* End PBXNativeTarget section */

/* Begin PBXProject section */
		BD7431DD1C7845E1007BC0FE /* Project object */ = {
			isa = PBXProject;
			attributes = {
				LastSwiftUpdateCheck = 0720;
				LastUpgradeCheck = 0720;
				ORGANIZATIONNAME = "Edward Liu";
				TargetAttributes = {
					BD7431E41C7845E1007BC0FE = {
						CreatedOnToolsVersion = 7.2.1;
						DevelopmentTeam = L9H4GT7SR4;
					};
					BD7431FB1C7845E1007BC0FE = {
						CreatedOnToolsVersion = 7.2.1;
						DevelopmentTeam = L9H4GT7SR4;
						TestTargetID = BD7431E41C7845E1007BC0FE;
					};
					BD7432061C7845E1007BC0FE = {
						CreatedOnToolsVersion = 7.2.1;
						DevelopmentTeam = L9H4GT7SR4;
						TestTargetID = BD7431E41C7845E1007BC0FE;
					};
				};
			};
			buildConfigurationList = BD7431E01C7845E1007BC0FE /* Build configuration list for PBXProject "Flashlight" */;
			compatibilityVersion = "Xcode 3.2";
			developmentRegion = English;
			hasScannedForEncodings = 0;
			knownRegions = (
				en,
				Base,
			);
			mainGroup = BD7431DC1C7845E1007BC0FE;
			productRefGroup = BD7431E61C7845E1007BC0FE /* Products */;
			projectDirPath = "";
			projectRoot = "";
			targets = (
				BD7431E41C7845E1007BC0FE /* Flashlight */,
				BD7431FB1C7845E1007BC0FE /* FlashlightTests */,
				BD7432061C7845E1007BC0FE /* FlashlightUITests */,
			);
		};
/* End PBXProject section */

/* Begin PBXResourcesBuildPhase section */
		BD7431E31C7845E1007BC0FE /* Resources */ = {
			isa = PBXResourcesBuildPhase;
			buildActionMask = 2147483647;
			files = (
				BD74321A1C7845F7007BC0FE /* 4726911025_5ac7294ef6.jpg in Resources */,
				BD7431F61C7845E1007BC0FE /* LaunchScreen.storyboard in Resources */,
				BD7431F31C7845E1007BC0FE /* Assets.xcassets in Resources */,
				BD7431EE1C7845E1007BC0FE /* Main.storyboard in Resources */,
			);
			runOnlyForDeploymentPostprocessing = 0;
		};
		BD7431FA1C7845E1007BC0FE /* Resources */ = {
			isa = PBXResourcesBuildPhase;
			buildActionMask = 2147483647;
			files = (
			);
			runOnlyForDeploymentPostprocessing = 0;
		};
		BD7432051C7845E1007BC0FE /* Resources */ = {
			isa = PBXResourcesBuildPhase;
			buildActionMask = 2147483647;
			files = (
			);
			runOnlyForDeploymentPostprocessing = 0;
		};
/* End PBXResourcesBuildPhase section */

/* Begin PBXSourcesBuildPhase section */
		BD7431E11C7845E1007BC0FE /* Sources */ = {
			isa = PBXSourcesBuildPhase;
			buildActionMask = 2147483647;
			files = (
				BD7431EB1C7845E1007BC0FE /* ViewController.swift in Sources */,
				BD7431F11C7845E1007BC0FE /* Flashlight.xcdatamodeld in Sources */,
				BD7431E91C7845E1007BC0FE /* AppDelegate.swift in Sources */,
			);
			runOnlyForDeploymentPostprocessing = 0;
		};
		BD7431F81C7845E1007BC0FE /* Sources */ = {
			isa = PBXSourcesBuildPhase;
			buildActionMask = 2147483647;
			files = (
				BD7432011C7845E1007BC0FE /* FlashlightTests.swift in Sources */,
			);
			runOnlyForDeploymentPostprocessing = 0;
		};
		BD7432031C7845E1007BC0FE /* Sources */ = {
			isa = PBXSourcesBuildPhase;
			buildActionMask = 2147483647;
			files = (
				BD74320C1C7845E1007BC0FE /* FlashlightUITests.swift in Sources */,
			);
			runOnlyForDeploymentPostprocessing = 0;
		};
/* End PBXSourcesBuildPhase section */

/* Begin PBXTargetDependency section */
		BD7431FE1C7845E1007BC0FE /* PBXTargetDependency */ = {
			isa = PBXTargetDependency;
			target = BD7431E41C7845E1007BC0FE /* Flashlight */;
			targetProxy = BD7431FD1C7845E1007BC0FE /* PBXContainerItemProxy */;
		};
		BD7432091C7845E1007BC0FE /* PBXTargetDependency */ = {
			isa = PBXTargetDependency;
			target = BD7431E41C7845E1007BC0FE /* Flashlight */;
			targetProxy = BD7432081C7845E1007BC0FE /* PBXContainerItemProxy */;
		};
/* End PBXTargetDependency section */

/* Begin PBXVariantGroup section */
		BD7431EC1C7845E1007BC0FE /* Main.storyboard */ = {
			isa = PBXVariantGroup;
			children = (
				BD7431ED1C7845E1007BC0FE /* Base */,
			);
			name = Main.storyboard;
			sourceTree = "<group>";
		};
		BD7431F41C7845E1007BC0FE /* LaunchScreen.storyboard */ = {
			isa = PBXVariantGroup;
			children = (
				BD7431F51C7845E1007BC0FE /* Base */,
			);
			name = LaunchScreen.storyboard;
			sourceTree = "<group>";
		};
/* End PBXVariantGroup section */

/* Begin XCBuildConfiguration section */
		BD74320E1C7845E1007BC0FE /* Debug */ = {
			isa = XCBuildConfiguration;
			buildSettings = {
				ALWAYS_SEARCH_USER_PATHS = NO;
				CLANG_CXX_LANGUAGE_STANDARD = "gnu++0x";
				CLANG_CXX_LIBRARY = "libc++";
				CLANG_ENABLE_MODULES = YES;
				CLANG_ENABLE_OBJC_ARC = YES;
				CLANG_WARN_BOOL_CONVERSION = YES;
				CLANG_WARN_CONSTANT_CONVERSION = YES;
				CLANG_WARN_DIRECT_OBJC_ISA_USAGE = YES_ERROR;
				CLANG_WARN_EMPTY_BODY = YES;
				CLANG_WARN_ENUM_CONVERSION = YES;
				CLANG_WARN_INT_CONVERSION = YES;
				CLANG_WARN_OBJC_ROOT_CLASS = YES_ERROR;
				CLANG_WARN_UNREACHABLE_CODE = YES;
				CLANG_WARN__DUPLICATE_METHOD_MATCH = YES;
				"CODE_SIGN_IDENTITY[sdk=iphoneos*]" = "iPhone Developer";
				COPY_PHASE_STRIP = NO;
				DEBUG_INFORMATION_FORMAT = dwarf;
				ENABLE_STRICT_OBJC_MSGSEND = YES;
				ENABLE_TESTABILITY = YES;
				GCC_C_LANGUAGE_STANDARD = gnu99;
				GCC_DYNAMIC_NO_PIC = NO;
				GCC_NO_COMMON_BLOCKS = YES;
				GCC_OPTIMIZATION_LEVEL = 0;
				GCC_PREPROCESSOR_DEFINITIONS = (
					"DEBUG=1",
					"$(inherited)",
				);
				GCC_WARN_64_TO_32_BIT_CONVERSION = YES;
				GCC_WARN_ABOUT_RETURN_TYPE = YES_ERROR;
				GCC_WARN_UNDECLARED_SELECTOR = YES;
				GCC_WARN_UNINITIALIZED_AUTOS = YES_AGGRESSIVE;
				GCC_WARN_UNUSED_FUNCTION = YES;
				GCC_WARN_UNUSED_VARIABLE = YES;
				IPHONEOS_DEPLOYMENT_TARGET = 9.2;
				MTL_ENABLE_DEBUG_INFO = YES;
				ONLY_ACTIVE_ARCH = YES;
				SDKROOT = iphoneos;
				SWIFT_OPTIMIZATION_LEVEL = "-Onone";
				TARGETED_DEVICE_FAMILY = "1,2";
			};
			name = Debug;
		};
		BD74320F1C7845E1007BC0FE /* Release */ = {
			isa = XCBuildConfiguration;
			buildSettings = {
				ALWAYS_SEARCH_USER_PATHS = NO;
				CLANG_CXX_LANGUAGE_STANDARD = "gnu++0x";
				CLANG_CXX_LIBRARY = "libc++";
				CLANG_ENABLE_MODULES = YES;
				CLANG_ENABLE_OBJC_ARC = YES;
				CLANG_WARN_BOOL_CONVERSION = YES;
				CLANG_WARN_CONSTANT_CONVERSION = YES;
				CLANG_WARN_DIRECT_OBJC_ISA_USAGE = YES_ERROR;
				CLANG_WARN_EMPTY_BODY = YES;
				CLANG_WARN_ENUM_CONVERSION = YES;
				CLANG_WARN_INT_CONVERSION = YES;
				CLANG_WARN_OBJC_ROOT_CLASS = YES_ERROR;
				CLANG_WARN_UNREACHABLE_CODE = YES;
				CLANG_WARN__DUPLICATE_METHOD_MATCH = YES;
				"CODE_SIGN_IDENTITY[sdk=iphoneos*]" = "iPhone Developer";
				COPY_PHASE_STRIP = NO;
				DEBUG_INFORMATION_FORMAT = "dwarf-with-dsym";
				ENABLE_NS_ASSERTIONS = NO;
				ENABLE_STRICT_OBJC_MSGSEND = YES;
				GCC_C_LANGUAGE_STANDARD = gnu99;
				GCC_NO_COMMON_BLOCKS = YES;
				GCC_WARN_64_TO_32_BIT_CONVERSION = YES;
				GCC_WARN_ABOUT_RETURN_TYPE = YES_ERROR;
				GCC_WARN_UNDECLARED_SELECTOR = YES;
				GCC_WARN_UNINITIALIZED_AUTOS = YES_AGGRESSIVE;
				GCC_WARN_UNUSED_FUNCTION = YES;
				GCC_WARN_UNUSED_VARIABLE = YES;
				IPHONEOS_DEPLOYMENT_TARGET = 9.2;
				MTL_ENABLE_DEBUG_INFO = NO;
				SDKROOT = iphoneos;
				TARGETED_DEVICE_FAMILY = "1,2";
				VALIDATE_PRODUCT = YES;
			};
			name = Release;
		};
		BD7432111C7845E1007BC0FE /* Debug */ = {
			isa = XCBuildConfiguration;
			buildSettings = {
				ASSETCATALOG_COMPILER_APPICON_NAME = AppIcon;
				INFOPLIST_FILE = Flashlight/Info.plist;
				LD_RUNPATH_SEARCH_PATHS = "$(inherited) @executable_path/Frameworks";
				PRODUCT_BUNDLE_IDENTIFIER = com.eliu.Flashlight;
				PRODUCT_NAME = "$(TARGET_NAME)";
			};
			name = Debug;
		};
		BD7432121C7845E1007BC0FE /* Release */ = {
			isa = XCBuildConfiguration;
			buildSettings = {
				ASSETCATALOG_COMPILER_APPICON_NAME = AppIcon;
				INFOPLIST_FILE = Flashlight/Info.plist;
				LD_RUNPATH_SEARCH_PATHS = "$(inherited) @executable_path/Frameworks";
				PRODUCT_BUNDLE_IDENTIFIER = com.eliu.Flashlight;
				PRODUCT_NAME = "$(TARGET_NAME)";
			};
			name = Release;
		};
		BD7432141C7845E1007BC0FE /* Debug */ = {
			isa = XCBuildConfiguration;
			buildSettings = {
				BUNDLE_LOADER = "$(TEST_HOST)";
				INFOPLIST_FILE = FlashlightTests/Info.plist;
				LD_RUNPATH_SEARCH_PATHS = "$(inherited) @executable_path/Frameworks @loader_path/Frameworks";
				PRODUCT_BUNDLE_IDENTIFIER = com.eliu.FlashlightTests;
				PRODUCT_NAME = "$(TARGET_NAME)";
				TEST_HOST = "$(BUILT_PRODUCTS_DIR)/Flashlight.app/Flashlight";
			};
			name = Debug;
		};
		BD7432151C7845E1007BC0FE /* Release */ = {
			isa = XCBuildConfiguration;
			buildSettings = {
				BUNDLE_LOADER = "$(TEST_HOST)";
				INFOPLIST_FILE = FlashlightTests/Info.plist;
				LD_RUNPATH_SEARCH_PATHS = "$(inherited) @executable_path/Frameworks @loader_path/Frameworks";
				PRODUCT_BUNDLE_IDENTIFIER = com.eliu.FlashlightTests;
				PRODUCT_NAME = "$(TARGET_NAME)";
				TEST_HOST = "$(BUILT_PRODUCTS_DIR)/Flashlight.app/Flashlight";
			};
			name = Release;
		};
		BD7432171C7845E1007BC0FE /* Debug */ = {
			isa = XCBuildConfiguration;
			buildSettings = {
				INFOPLIST_FILE = FlashlightUITests/Info.plist;
				LD_RUNPATH_SEARCH_PATHS = "$(inherited) @executable_path/Frameworks @loader_path/Frameworks";
				PRODUCT_BUNDLE_IDENTIFIER = com.eliu.FlashlightUITests;
				PRODUCT_NAME = "$(TARGET_NAME)";
				TEST_TARGET_NAME = Flashlight;
				USES_XCTRUNNER = YES;
			};
			name = Debug;
		};
		BD7432181C7845E1007BC0FE /* Release */ = {
			isa = XCBuildConfiguration;
			buildSettings = {
				INFOPLIST_FILE = FlashlightUITests/Info.plist;
				LD_RUNPATH_SEARCH_PATHS = "$(inherited) @executable_path/Frameworks @loader_path/Frameworks";
				PRODUCT_BUNDLE_IDENTIFIER = com.eliu.FlashlightUITests;
				PRODUCT_NAME = "$(TARGET_NAME)";
				TEST_TARGET_NAME = Flashlight;
				USES_XCTRUNNER = YES;
			};
			name = Release;
		};
/* End XCBuildConfiguration section */

/* Begin XCConfigurationList section */
		BD7431E01C7845E1007BC0FE /* Build configuration list for PBXProject "Flashlight" */ = {
			isa = XCConfigurationList;
			buildConfigurations = (
				BD74320E1C7845E1007BC0FE /* Debug */,
				BD74320F1C7845E1007BC0FE /* Release */,
			);
			defaultConfigurationIsVisible = 0;
			defaultConfigurationName = Release;
		};
		BD7432101C7845E1007BC0FE /* Build configuration list for PBXNativeTarget "Flashlight" */ = {
			isa = XCConfigurationList;
			buildConfigurations = (
				BD7432111C7845E1007BC0FE /* Debug */,
				BD7432121C7845E1007BC0FE /* Release */,
			);
			defaultConfigurationIsVisible = 0;
		};
		BD7432131C7845E1007BC0FE /* Build configuration list for PBXNativeTarget "FlashlightTests" */ = {
			isa = XCConfigurationList;
			buildConfigurations = (
				BD7432141C7845E1007BC0FE /* Debug */,
				BD7432151C7845E1007BC0FE /* Release */,
			);
			defaultConfigurationIsVisible = 0;
		};
		BD7432161C7845E1007BC0FE /* Build configuration list for PBXNativeTarget "FlashlightUITests" */ = {
			isa = XCConfigurationList;
			buildConfigurations = (
				BD7432171C7845E1007BC0FE /* Debug */,
				BD7432181C7845E1007BC0FE /* Release */,
			);
			defaultConfigurationIsVisible = 0;
		};
/* End XCConfigurationList section */

/* Begin XCVersionGroup section */
		BD7431EF1C7845E1007BC0FE /* Flashlight.xcdatamodeld */ = {
			isa = XCVersionGroup;
			children = (
				BD7431F01C7845E1007BC0FE /* Flashlight.xcdatamodel */,
			);
			currentVersion = BD7431F01C7845E1007BC0FE /* Flashlight.xcdatamodel */;
			path = Flashlight.xcdatamodeld;
			sourceTree = "<group>";
			versionGroupType = wrapper.xcdatamodel;
		};
/* End XCVersionGroup section */
	};
	rootObject = BD7431DD1C7845E1007BC0FE /* Project object */;
}
