// !$*UTF8*$!
{
	archiveVersion = 1;
	classes = {
	};
	objectVersion = 46;
	objects = {

/* Begin PBXBuildFile section */
		16D580F41C9A5DF5004B1AF6 /* AppDelegate.swift in Sources */ = {isa = PBXBuildFile; fileRef = 16D580F31C9A5DF5004B1AF6 /* AppDelegate.swift */; };
		16D580F61C9A5DF5004B1AF6 /* ViewController.swift in Sources */ = {isa = PBXBuildFile; fileRef = 16D580F51C9A5DF5004B1AF6 /* ViewController.swift */; };
		16D580F91C9A5DF5004B1AF6 /* Main.storyboard in Resources */ = {isa = PBXBuildFile; fileRef = 16D580F71C9A5DF5004B1AF6 /* Main.storyboard */; };
		16D580FC1C9A5DF5004B1AF6 /* ComputerPartsApp.xcdatamodeld in Sources */ = {isa = PBXBuildFile; fileRef = 16D580FA1C9A5DF5004B1AF6 /* ComputerPartsApp.xcdatamodeld */; };
		16D580FE1C9A5DF5004B1AF6 /* Assets.xcassets in Resources */ = {isa = PBXBuildFile; fileRef = 16D580FD1C9A5DF5004B1AF6 /* Assets.xcassets */; };
		16D581011C9A5DF6004B1AF6 /* LaunchScreen.storyboard in Resources */ = {isa = PBXBuildFile; fileRef = 16D580FF1C9A5DF6004B1AF6 /* LaunchScreen.storyboard */; };
		16D5810C1C9A5DF6004B1AF6 /* ComputerPartsAppTests.swift in Sources */ = {isa = PBXBuildFile; fileRef = 16D5810B1C9A5DF6004B1AF6 /* ComputerPartsAppTests.swift */; };
		16D581171C9A5DF6004B1AF6 /* ComputerPartsAppUITests.swift in Sources */ = {isa = PBXBuildFile; fileRef = 16D581161C9A5DF6004B1AF6 /* ComputerPartsAppUITests.swift */; };
		BD5A62AB1CB5F1470047AF93 /* TableViewCell.swift in Sources */ = {isa = PBXBuildFile; fileRef = BD5A62AA1CB5F1460047AF93 /* TableViewCell.swift */; };
		BD5A62AD1CB5F5340047AF93 /* CompanyViewController.swift in Sources */ = {isa = PBXBuildFile; fileRef = BD5A62AC1CB5F5340047AF93 /* CompanyViewController.swift */; };
/* End PBXBuildFile section */

/* Begin PBXContainerItemProxy section */
		16D581081C9A5DF6004B1AF6 /* PBXContainerItemProxy */ = {
			isa = PBXContainerItemProxy;
			containerPortal = 16D580E81C9A5DF5004B1AF6 /* Project object */;
			proxyType = 1;
			remoteGlobalIDString = 16D580EF1C9A5DF5004B1AF6;
			remoteInfo = ComputerPartsApp;
		};
		16D581131C9A5DF6004B1AF6 /* PBXContainerItemProxy */ = {
			isa = PBXContainerItemProxy;
			containerPortal = 16D580E81C9A5DF5004B1AF6 /* Project object */;
			proxyType = 1;
			remoteGlobalIDString = 16D580EF1C9A5DF5004B1AF6;
			remoteInfo = ComputerPartsApp;
		};
/* End PBXContainerItemProxy section */

/* Begin PBXFileReference section */
		16D580F01C9A5DF5004B1AF6 /* ComputerPartsApp.app */ = {isa = PBXFileReference; explicitFileType = wrapper.application; includeInIndex = 0; path = ComputerPartsApp.app; sourceTree = BUILT_PRODUCTS_DIR; };
		16D580F31C9A5DF5004B1AF6 /* AppDelegate.swift */ = {isa = PBXFileReference; lastKnownFileType = sourcecode.swift; path = AppDelegate.swift; sourceTree = "<group>"; };
		16D580F51C9A5DF5004B1AF6 /* ViewController.swift */ = {isa = PBXFileReference; lastKnownFileType = sourcecode.swift; path = ViewController.swift; sourceTree = "<group>"; };
		16D580F81C9A5DF5004B1AF6 /* Base */ = {isa = PBXFileReference; lastKnownFileType = file.storyboard; name = Base; path = Base.lproj/Main.storyboard; sourceTree = "<group>"; };
		16D580FB1C9A5DF5004B1AF6 /* ComputerPartsApp.xcdatamodel */ = {isa = PBXFileReference; lastKnownFileType = wrapper.xcdatamodel; path = ComputerPartsApp.xcdatamodel; sourceTree = "<group>"; };
		16D580FD1C9A5DF5004B1AF6 /* Assets.xcassets */ = {isa = PBXFileReference; lastKnownFileType = folder.assetcatalog; path = Assets.xcassets; sourceTree = "<group>"; };
		16D581001C9A5DF6004B1AF6 /* Base */ = {isa = PBXFileReference; lastKnownFileType = file.storyboard; name = Base; path = Base.lproj/LaunchScreen.storyboard; sourceTree = "<group>"; };
		16D581021C9A5DF6004B1AF6 /* Info.plist */ = {isa = PBXFileReference; lastKnownFileType = text.plist.xml; path = Info.plist; sourceTree = "<group>"; };
		16D581071C9A5DF6004B1AF6 /* ComputerPartsAppTests.xctest */ = {isa = PBXFileReference; explicitFileType = wrapper.cfbundle; includeInIndex = 0; path = ComputerPartsAppTests.xctest; sourceTree = BUILT_PRODUCTS_DIR; };
		16D5810B1C9A5DF6004B1AF6 /* ComputerPartsAppTests.swift */ = {isa = PBXFileReference; lastKnownFileType = sourcecode.swift; path = ComputerPartsAppTests.swift; sourceTree = "<group>"; };
		16D5810D1C9A5DF6004B1AF6 /* Info.plist */ = {isa = PBXFileReference; lastKnownFileType = text.plist.xml; path = Info.plist; sourceTree = "<group>"; };
		16D581121C9A5DF6004B1AF6 /* ComputerPartsAppUITests.xctest */ = {isa = PBXFileReference; explicitFileType = wrapper.cfbundle; includeInIndex = 0; path = ComputerPartsAppUITests.xctest; sourceTree = BUILT_PRODUCTS_DIR; };
		16D581161C9A5DF6004B1AF6 /* ComputerPartsAppUITests.swift */ = {isa = PBXFileReference; lastKnownFileType = sourcecode.swift; path = ComputerPartsAppUITests.swift; sourceTree = "<group>"; };
		16D581181C9A5DF6004B1AF6 /* Info.plist */ = {isa = PBXFileReference; lastKnownFileType = text.plist.xml; path = Info.plist; sourceTree = "<group>"; };
		BD5A62AA1CB5F1460047AF93 /* TableViewCell.swift */ = {isa = PBXFileReference; fileEncoding = 4; lastKnownFileType = sourcecode.swift; path = TableViewCell.swift; sourceTree = "<group>"; };
		BD5A62AC1CB5F5340047AF93 /* CompanyViewController.swift */ = {isa = PBXFileReference; fileEncoding = 4; lastKnownFileType = sourcecode.swift; path = CompanyViewController.swift; sourceTree = "<group>"; };
/* End PBXFileReference section */

/* Begin PBXFrameworksBuildPhase section */
		16D580ED1C9A5DF5004B1AF6 /* Frameworks */ = {
			isa = PBXFrameworksBuildPhase;
			buildActionMask = 2147483647;
			files = (
			);
			runOnlyForDeploymentPostprocessing = 0;
		};
		16D581041C9A5DF6004B1AF6 /* Frameworks */ = {
			isa = PBXFrameworksBuildPhase;
			buildActionMask = 2147483647;
			files = (
			);
			runOnlyForDeploymentPostprocessing = 0;
		};
		16D5810F1C9A5DF6004B1AF6 /* Frameworks */ = {
			isa = PBXFrameworksBuildPhase;
			buildActionMask = 2147483647;
			files = (
			);
			runOnlyForDeploymentPostprocessing = 0;
		};
/* End PBXFrameworksBuildPhase section */

/* Begin PBXGroup section */
		16D580E71C9A5DF5004B1AF6 = {
			isa = PBXGroup;
			children = (
				16D580F21C9A5DF5004B1AF6 /* ComputerPartsApp */,
				16D5810A1C9A5DF6004B1AF6 /* ComputerPartsAppTests */,
				16D581151C9A5DF6004B1AF6 /* ComputerPartsAppUITests */,
				16D580F11C9A5DF5004B1AF6 /* Products */,
			);
			sourceTree = "<group>";
		};
		16D580F11C9A5DF5004B1AF6 /* Products */ = {
			isa = PBXGroup;
			children = (
				16D580F01C9A5DF5004B1AF6 /* ComputerPartsApp.app */,
				16D581071C9A5DF6004B1AF6 /* ComputerPartsAppTests.xctest */,
				16D581121C9A5DF6004B1AF6 /* ComputerPartsAppUITests.xctest */,
			);
			name = Products;
			sourceTree = "<group>";
		};
		16D580F21C9A5DF5004B1AF6 /* ComputerPartsApp */ = {
			isa = PBXGroup;
			children = (
				16D580F31C9A5DF5004B1AF6 /* AppDelegate.swift */,
				16D580F51C9A5DF5004B1AF6 /* ViewController.swift */,
				BD5A62AA1CB5F1460047AF93 /* TableViewCell.swift */,
				BD5A62AC1CB5F5340047AF93 /* CompanyViewController.swift */,
				16D580F71C9A5DF5004B1AF6 /* Main.storyboard */,
				16D580FD1C9A5DF5004B1AF6 /* Assets.xcassets */,
				16D580FF1C9A5DF6004B1AF6 /* LaunchScreen.storyboard */,
				16D581021C9A5DF6004B1AF6 /* Info.plist */,
				16D580FA1C9A5DF5004B1AF6 /* ComputerPartsApp.xcdatamodeld */,
			);
			path = ComputerPartsApp;
			sourceTree = "<group>";
		};
		16D5810A1C9A5DF6004B1AF6 /* ComputerPartsAppTests */ = {
			isa = PBXGroup;
			children = (
				16D5810B1C9A5DF6004B1AF6 /* ComputerPartsAppTests.swift */,
				16D5810D1C9A5DF6004B1AF6 /* Info.plist */,
			);
			path = ComputerPartsAppTests;
			sourceTree = "<group>";
		};
		16D581151C9A5DF6004B1AF6 /* ComputerPartsAppUITests */ = {
			isa = PBXGroup;
			children = (
				16D581161C9A5DF6004B1AF6 /* ComputerPartsAppUITests.swift */,
				16D581181C9A5DF6004B1AF6 /* Info.plist */,
			);
			path = ComputerPartsAppUITests;
			sourceTree = "<group>";
		};
/* End PBXGroup section */

/* Begin PBXNativeTarget section */
		16D580EF1C9A5DF5004B1AF6 /* ComputerPartsApp */ = {
			isa = PBXNativeTarget;
			buildConfigurationList = 16D5811B1C9A5DF6004B1AF6 /* Build configuration list for PBXNativeTarget "ComputerPartsApp" */;
			buildPhases = (
				16D580EC1C9A5DF5004B1AF6 /* Sources */,
				16D580ED1C9A5DF5004B1AF6 /* Frameworks */,
				16D580EE1C9A5DF5004B1AF6 /* Resources */,
			);
			buildRules = (
			);
			dependencies = (
			);
			name = ComputerPartsApp;
			productName = ComputerPartsApp;
			productReference = 16D580F01C9A5DF5004B1AF6 /* ComputerPartsApp.app */;
			productType = "com.apple.product-type.application";
		};
		16D581061C9A5DF6004B1AF6 /* ComputerPartsAppTests */ = {
			isa = PBXNativeTarget;
			buildConfigurationList = 16D5811E1C9A5DF6004B1AF6 /* Build configuration list for PBXNativeTarget "ComputerPartsAppTests" */;
			buildPhases = (
				16D581031C9A5DF6004B1AF6 /* Sources */,
				16D581041C9A5DF6004B1AF6 /* Frameworks */,
				16D581051C9A5DF6004B1AF6 /* Resources */,
			);
			buildRules = (
			);
			dependencies = (
				16D581091C9A5DF6004B1AF6 /* PBXTargetDependency */,
			);
			name = ComputerPartsAppTests;
			productName = ComputerPartsAppTests;
			productReference = 16D581071C9A5DF6004B1AF6 /* ComputerPartsAppTests.xctest */;
			productType = "com.apple.product-type.bundle.unit-test";
		};
		16D581111C9A5DF6004B1AF6 /* ComputerPartsAppUITests */ = {
			isa = PBXNativeTarget;
			buildConfigurationList = 16D581211C9A5DF6004B1AF6 /* Build configuration list for PBXNativeTarget "ComputerPartsAppUITests" */;
			buildPhases = (
				16D5810E1C9A5DF6004B1AF6 /* Sources */,
				16D5810F1C9A5DF6004B1AF6 /* Frameworks */,
				16D581101C9A5DF6004B1AF6 /* Resources */,
			);
			buildRules = (
			);
			dependencies = (
				16D581141C9A5DF6004B1AF6 /* PBXTargetDependency */,
			);
			name = ComputerPartsAppUITests;
			productName = ComputerPartsAppUITests;
			productReference = 16D581121C9A5DF6004B1AF6 /* ComputerPartsAppUITests.xctest */;
			productType = "com.apple.product-type.bundle.ui-testing";
		};
/* End PBXNativeTarget section */

/* Begin PBXProject section */
		16D580E81C9A5DF5004B1AF6 /* Project object */ = {
			isa = PBXProject;
			attributes = {
				LastSwiftUpdateCheck = 0720;
				LastUpgradeCheck = 0720;
				ORGANIZATIONNAME = "Akkshay Khoslaa";
				TargetAttributes = {
					16D580EF1C9A5DF5004B1AF6 = {
						CreatedOnToolsVersion = 7.2;
					};
					16D581061C9A5DF6004B1AF6 = {
						CreatedOnToolsVersion = 7.2;
						TestTargetID = 16D580EF1C9A5DF5004B1AF6;
					};
					16D581111C9A5DF6004B1AF6 = {
						CreatedOnToolsVersion = 7.2;
						TestTargetID = 16D580EF1C9A5DF5004B1AF6;
					};
				};
			};
			buildConfigurationList = 16D580EB1C9A5DF5004B1AF6 /* Build configuration list for PBXProject "ComputerPartsApp" */;
			compatibilityVersion = "Xcode 3.2";
			developmentRegion = English;
			hasScannedForEncodings = 0;
			knownRegions = (
				en,
				Base,
			);
			mainGroup = 16D580E71C9A5DF5004B1AF6;
			productRefGroup = 16D580F11C9A5DF5004B1AF6 /* Products */;
			projectDirPath = "";
			projectRoot = "";
			targets = (
				16D580EF1C9A5DF5004B1AF6 /* ComputerPartsApp */,
				16D581061C9A5DF6004B1AF6 /* ComputerPartsAppTests */,
				16D581111C9A5DF6004B1AF6 /* ComputerPartsAppUITests */,
			);
		};
/* End PBXProject section */

/* Begin PBXResourcesBuildPhase section */
		16D580EE1C9A5DF5004B1AF6 /* Resources */ = {
			isa = PBXResourcesBuildPhase;
			buildActionMask = 2147483647;
			files = (
				16D581011C9A5DF6004B1AF6 /* LaunchScreen.storyboard in Resources */,
				16D580FE1C9A5DF5004B1AF6 /* Assets.xcassets in Resources */,
				16D580F91C9A5DF5004B1AF6 /* Main.storyboard in Resources */,
			);
			runOnlyForDeploymentPostprocessing = 0;
		};
		16D581051C9A5DF6004B1AF6 /* Resources */ = {
			isa = PBXResourcesBuildPhase;
			buildActionMask = 2147483647;
			files = (
			);
			runOnlyForDeploymentPostprocessing = 0;
		};
		16D581101C9A5DF6004B1AF6 /* Resources */ = {
			isa = PBXResourcesBuildPhase;
			buildActionMask = 2147483647;
			files = (
			);
			runOnlyForDeploymentPostprocessing = 0;
		};
/* End PBXResourcesBuildPhase section */

/* Begin PBXSourcesBuildPhase section */
		16D580EC1C9A5DF5004B1AF6 /* Sources */ = {
			isa = PBXSourcesBuildPhase;
			buildActionMask = 2147483647;
			files = (
				BD5A62AB1CB5F1470047AF93 /* TableViewCell.swift in Sources */,
				16D580F61C9A5DF5004B1AF6 /* ViewController.swift in Sources */,
				16D580F41C9A5DF5004B1AF6 /* AppDelegate.swift in Sources */,
				16D580FC1C9A5DF5004B1AF6 /* ComputerPartsApp.xcdatamodeld in Sources */,
				BD5A62AD1CB5F5340047AF93 /* CompanyViewController.swift in Sources */,
			);
			runOnlyForDeploymentPostprocessing = 0;
		};
		16D581031C9A5DF6004B1AF6 /* Sources */ = {
			isa = PBXSourcesBuildPhase;
			buildActionMask = 2147483647;
			files = (
				16D5810C1C9A5DF6004B1AF6 /* ComputerPartsAppTests.swift in Sources */,
			);
			runOnlyForDeploymentPostprocessing = 0;
		};
		16D5810E1C9A5DF6004B1AF6 /* Sources */ = {
			isa = PBXSourcesBuildPhase;
			buildActionMask = 2147483647;
			files = (
				16D581171C9A5DF6004B1AF6 /* ComputerPartsAppUITests.swift in Sources */,
			);
			runOnlyForDeploymentPostprocessing = 0;
		};
/* End PBXSourcesBuildPhase section */

/* Begin PBXTargetDependency section */
		16D581091C9A5DF6004B1AF6 /* PBXTargetDependency */ = {
			isa = PBXTargetDependency;
			target = 16D580EF1C9A5DF5004B1AF6 /* ComputerPartsApp */;
			targetProxy = 16D581081C9A5DF6004B1AF6 /* PBXContainerItemProxy */;
		};
		16D581141C9A5DF6004B1AF6 /* PBXTargetDependency */ = {
			isa = PBXTargetDependency;
			target = 16D580EF1C9A5DF5004B1AF6 /* ComputerPartsApp */;
			targetProxy = 16D581131C9A5DF6004B1AF6 /* PBXContainerItemProxy */;
		};
/* End PBXTargetDependency section */

/* Begin PBXVariantGroup section */
		16D580F71C9A5DF5004B1AF6 /* Main.storyboard */ = {
			isa = PBXVariantGroup;
			children = (
				16D580F81C9A5DF5004B1AF6 /* Base */,
			);
			name = Main.storyboard;
			sourceTree = "<group>";
		};
		16D580FF1C9A5DF6004B1AF6 /* LaunchScreen.storyboard */ = {
			isa = PBXVariantGroup;
			children = (
				16D581001C9A5DF6004B1AF6 /* Base */,
			);
			name = LaunchScreen.storyboard;
			sourceTree = "<group>";
		};
/* End PBXVariantGroup section */

/* Begin XCBuildConfiguration section */
		16D581191C9A5DF6004B1AF6 /* Debug */ = {
			isa = XCBuildConfiguration;
			buildSettings = {
				ALWAYS_SEARCH_USER_PATHS = NO;
				CLANG_CXX_LANGUAGE_STANDARD = "gnu++0x";
				CLANG_CXX_LIBRARY = "libc++";
				CLANG_ENABLE_MODULES = YES;
				CLANG_ENABLE_OBJC_ARC = YES;
				CLANG_WARN_BOOL_CONVERSION = YES;
				CLANG_WARN_CONSTANT_CONVERSION = YES;
				CLANG_WARN_DIRECT_OBJC_ISA_USAGE = YES_ERROR;
				CLANG_WARN_EMPTY_BODY = YES;
				CLANG_WARN_ENUM_CONVERSION = YES;
				CLANG_WARN_INT_CONVERSION = YES;
				CLANG_WARN_OBJC_ROOT_CLASS = YES_ERROR;
				CLANG_WARN_UNREACHABLE_CODE = YES;
				CLANG_WARN__DUPLICATE_METHOD_MATCH = YES;
				"CODE_SIGN_IDENTITY[sdk=iphoneos*]" = "iPhone Developer";
				COPY_PHASE_STRIP = NO;
				DEBUG_INFORMATION_FORMAT = dwarf;
				ENABLE_STRICT_OBJC_MSGSEND = YES;
				ENABLE_TESTABILITY = YES;
				GCC_C_LANGUAGE_STANDARD = gnu99;
				GCC_DYNAMIC_NO_PIC = NO;
				GCC_NO_COMMON_BLOCKS = YES;
				GCC_OPTIMIZATION_LEVEL = 0;
				GCC_PREPROCESSOR_DEFINITIONS = (
					"DEBUG=1",
					"$(inherited)",
				);
				GCC_WARN_64_TO_32_BIT_CONVERSION = YES;
				GCC_WARN_ABOUT_RETURN_TYPE = YES_ERROR;
				GCC_WARN_UNDECLARED_SELECTOR = YES;
				GCC_WARN_UNINITIALIZED_AUTOS = YES_AGGRESSIVE;
				GCC_WARN_UNUSED_FUNCTION = YES;
				GCC_WARN_UNUSED_VARIABLE = YES;
				IPHONEOS_DEPLOYMENT_TARGET = 9.2;
				MTL_ENABLE_DEBUG_INFO = YES;
				ONLY_ACTIVE_ARCH = YES;
				SDKROOT = iphoneos;
				SWIFT_OPTIMIZATION_LEVEL = "-Onone";
			};
			name = Debug;
		};
		16D5811A1C9A5DF6004B1AF6 /* Release */ = {
			isa = XCBuildConfiguration;
			buildSettings = {
				ALWAYS_SEARCH_USER_PATHS = NO;
				CLANG_CXX_LANGUAGE_STANDARD = "gnu++0x";
				CLANG_CXX_LIBRARY = "libc++";
				CLANG_ENABLE_MODULES = YES;
				CLANG_ENABLE_OBJC_ARC = YES;
				CLANG_WARN_BOOL_CONVERSION = YES;
				CLANG_WARN_CONSTANT_CONVERSION = YES;
				CLANG_WARN_DIRECT_OBJC_ISA_USAGE = YES_ERROR;
				CLANG_WARN_EMPTY_BODY = YES;
				CLANG_WARN_ENUM_CONVERSION = YES;
				CLANG_WARN_INT_CONVERSION = YES;
				CLANG_WARN_OBJC_ROOT_CLASS = YES_ERROR;
				CLANG_WARN_UNREACHABLE_CODE = YES;
				CLANG_WARN__DUPLICATE_METHOD_MATCH = YES;
				"CODE_SIGN_IDENTITY[sdk=iphoneos*]" = "iPhone Developer";
				COPY_PHASE_STRIP = NO;
				DEBUG_INFORMATION_FORMAT = "dwarf-with-dsym";
				ENABLE_NS_ASSERTIONS = NO;
				ENABLE_STRICT_OBJC_MSGSEND = YES;
				GCC_C_LANGUAGE_STANDARD = gnu99;
				GCC_NO_COMMON_BLOCKS = YES;
				GCC_WARN_64_TO_32_BIT_CONVERSION = YES;
				GCC_WARN_ABOUT_RETURN_TYPE = YES_ERROR;
				GCC_WARN_UNDECLARED_SELECTOR = YES;
				GCC_WARN_UNINITIALIZED_AUTOS = YES_AGGRESSIVE;
				GCC_WARN_UNUSED_FUNCTION = YES;
				GCC_WARN_UNUSED_VARIABLE = YES;
				IPHONEOS_DEPLOYMENT_TARGET = 9.2;
				MTL_ENABLE_DEBUG_INFO = NO;
				SDKROOT = iphoneos;
				VALIDATE_PRODUCT = YES;
			};
			name = Release;
		};
		16D5811C1C9A5DF6004B1AF6 /* Debug */ = {
			isa = XCBuildConfiguration;
			buildSettings = {
				ASSETCATALOG_COMPILER_APPICON_NAME = AppIcon;
				INFOPLIST_FILE = ComputerPartsApp/Info.plist;
				LD_RUNPATH_SEARCH_PATHS = "$(inherited) @executable_path/Frameworks";
				PRODUCT_BUNDLE_IDENTIFIER = com.khoslaa.ComputerPartsApp;
				PRODUCT_NAME = "$(TARGET_NAME)";
			};
			name = Debug;
		};
		16D5811D1C9A5DF6004B1AF6 /* Release */ = {
			isa = XCBuildConfiguration;
			buildSettings = {
				ASSETCATALOG_COMPILER_APPICON_NAME = AppIcon;
				INFOPLIST_FILE = ComputerPartsApp/Info.plist;
				LD_RUNPATH_SEARCH_PATHS = "$(inherited) @executable_path/Frameworks";
				PRODUCT_BUNDLE_IDENTIFIER = com.khoslaa.ComputerPartsApp;
				PRODUCT_NAME = "$(TARGET_NAME)";
			};
			name = Release;
		};
		16D5811F1C9A5DF6004B1AF6 /* Debug */ = {
			isa = XCBuildConfiguration;
			buildSettings = {
				BUNDLE_LOADER = "$(TEST_HOST)";
				INFOPLIST_FILE = ComputerPartsAppTests/Info.plist;
				LD_RUNPATH_SEARCH_PATHS = "$(inherited) @executable_path/Frameworks @loader_path/Frameworks";
				PRODUCT_BUNDLE_IDENTIFIER = com.khoslaa.ComputerPartsAppTests;
				PRODUCT_NAME = "$(TARGET_NAME)";
				TEST_HOST = "$(BUILT_PRODUCTS_DIR)/ComputerPartsApp.app/ComputerPartsApp";
			};
			name = Debug;
		};
		16D581201C9A5DF6004B1AF6 /* Release */ = {
			isa = XCBuildConfiguration;
			buildSettings = {
				BUNDLE_LOADER = "$(TEST_HOST)";
				INFOPLIST_FILE = ComputerPartsAppTests/Info.plist;
				LD_RUNPATH_SEARCH_PATHS = "$(inherited) @executable_path/Frameworks @loader_path/Frameworks";
				PRODUCT_BUNDLE_IDENTIFIER = com.khoslaa.ComputerPartsAppTests;
				PRODUCT_NAME = "$(TARGET_NAME)";
				TEST_HOST = "$(BUILT_PRODUCTS_DIR)/ComputerPartsApp.app/ComputerPartsApp";
			};
			name = Release;
		};
		16D581221C9A5DF6004B1AF6 /* Debug */ = {
			isa = XCBuildConfiguration;
			buildSettings = {
				INFOPLIST_FILE = ComputerPartsAppUITests/Info.plist;
				LD_RUNPATH_SEARCH_PATHS = "$(inherited) @executable_path/Frameworks @loader_path/Frameworks";
				PRODUCT_BUNDLE_IDENTIFIER = com.khoslaa.ComputerPartsAppUITests;
				PRODUCT_NAME = "$(TARGET_NAME)";
				TEST_TARGET_NAME = ComputerPartsApp;
				USES_XCTRUNNER = YES;
			};
			name = Debug;
		};
		16D581231C9A5DF6004B1AF6 /* Release */ = {
			isa = XCBuildConfiguration;
			buildSettings = {
				INFOPLIST_FILE = ComputerPartsAppUITests/Info.plist;
				LD_RUNPATH_SEARCH_PATHS = "$(inherited) @executable_path/Frameworks @loader_path/Frameworks";
				PRODUCT_BUNDLE_IDENTIFIER = com.khoslaa.ComputerPartsAppUITests;
				PRODUCT_NAME = "$(TARGET_NAME)";
				TEST_TARGET_NAME = ComputerPartsApp;
				USES_XCTRUNNER = YES;
			};
			name = Release;
		};
/* End XCBuildConfiguration section */

/* Begin XCConfigurationList section */
		16D580EB1C9A5DF5004B1AF6 /* Build configuration list for PBXProject "ComputerPartsApp" */ = {
			isa = XCConfigurationList;
			buildConfigurations = (
				16D581191C9A5DF6004B1AF6 /* Debug */,
				16D5811A1C9A5DF6004B1AF6 /* Release */,
			);
			defaultConfigurationIsVisible = 0;
			defaultConfigurationName = Release;
		};
		16D5811B1C9A5DF6004B1AF6 /* Build configuration list for PBXNativeTarget "ComputerPartsApp" */ = {
			isa = XCConfigurationList;
			buildConfigurations = (
				16D5811C1C9A5DF6004B1AF6 /* Debug */,
				16D5811D1C9A5DF6004B1AF6 /* Release */,
			);
			defaultConfigurationIsVisible = 0;
			defaultConfigurationName = Release;
		};
		16D5811E1C9A5DF6004B1AF6 /* Build configuration list for PBXNativeTarget "ComputerPartsAppTests" */ = {
			isa = XCConfigurationList;
			buildConfigurations = (
				16D5811F1C9A5DF6004B1AF6 /* Debug */,
				16D581201C9A5DF6004B1AF6 /* Release */,
			);
			defaultConfigurationIsVisible = 0;
			defaultConfigurationName = Release;
		};
		16D581211C9A5DF6004B1AF6 /* Build configuration list for PBXNativeTarget "ComputerPartsAppUITests" */ = {
			isa = XCConfigurationList;
			buildConfigurations = (
				16D581221C9A5DF6004B1AF6 /* Debug */,
				16D581231C9A5DF6004B1AF6 /* Release */,
			);
			defaultConfigurationIsVisible = 0;
			defaultConfigurationName = Release;
		};
/* End XCConfigurationList section */

/* Begin XCVersionGroup section */
		16D580FA1C9A5DF5004B1AF6 /* ComputerPartsApp.xcdatamodeld */ = {
			isa = XCVersionGroup;
			children = (
				16D580FB1C9A5DF5004B1AF6 /* ComputerPartsApp.xcdatamodel */,
			);
			currentVersion = 16D580FB1C9A5DF5004B1AF6 /* ComputerPartsApp.xcdatamodel */;
			path = ComputerPartsApp.xcdatamodeld;
			sourceTree = "<group>";
			versionGroupType = wrapper.xcdatamodel;
		};
/* End XCVersionGroup section */
	};
	rootObject = 16D580E81C9A5DF5004B1AF6 /* Project object */;
}
