// !$*UTF8*$!
{
	archiveVersion = 1;
	classes = {
	};
	objectVersion = 46;
	objects = {

/* Begin PBXBuildFile section */
		BD5B7DAD1C9BAD2B0095F712 /* AppDelegate.swift in Sources */ = {isa = PBXBuildFile; fileRef = BD5B7DAC1C9BAD2B0095F712 /* AppDelegate.swift */; };
		BD5B7DAF1C9BAD2B0095F712 /* ViewController.swift in Sources */ = {isa = PBXBuildFile; fileRef = BD5B7DAE1C9BAD2B0095F712 /* ViewController.swift */; };
		BD5B7DB21C9BAD2B0095F712 /* Main.storyboard in Resources */ = {isa = PBXBuildFile; fileRef = BD5B7DB01C9BAD2B0095F712 /* Main.storyboard */; };
		BD5B7DB51C9BAD2B0095F712 /* Demo.xcdatamodeld in Sources */ = {isa = PBXBuildFile; fileRef = BD5B7DB31C9BAD2B0095F712 /* Demo.xcdatamodeld */; };
		BD5B7DB71C9BAD2B0095F712 /* Assets.xcassets in Resources */ = {isa = PBXBuildFile; fileRef = BD5B7DB61C9BAD2B0095F712 /* Assets.xcassets */; };
		BD5B7DBA1C9BAD2B0095F712 /* LaunchScreen.storyboard in Resources */ = {isa = PBXBuildFile; fileRef = BD5B7DB81C9BAD2B0095F712 /* LaunchScreen.storyboard */; };
		BD5B7DC51C9BAD2B0095F712 /* DemoTests.swift in Sources */ = {isa = PBXBuildFile; fileRef = BD5B7DC41C9BAD2B0095F712 /* DemoTests.swift */; };
		BD5B7DD01C9BAD2B0095F712 /* DemoUITests.swift in Sources */ = {isa = PBXBuildFile; fileRef = BD5B7DCF1C9BAD2B0095F712 /* DemoUITests.swift */; };
/* End PBXBuildFile section */

/* Begin PBXContainerItemProxy section */
		BD5B7DC11C9BAD2B0095F712 /* PBXContainerItemProxy */ = {
			isa = PBXContainerItemProxy;
			containerPortal = BD5B7DA11C9BAD2B0095F712 /* Project object */;
			proxyType = 1;
			remoteGlobalIDString = BD5B7DA81C9BAD2B0095F712;
			remoteInfo = Demo;
		};
		BD5B7DCC1C9BAD2B0095F712 /* PBXContainerItemProxy */ = {
			isa = PBXContainerItemProxy;
			containerPortal = BD5B7DA11C9BAD2B0095F712 /* Project object */;
			proxyType = 1;
			remoteGlobalIDString = BD5B7DA81C9BAD2B0095F712;
			remoteInfo = Demo;
		};
/* End PBXContainerItemProxy section */

/* Begin PBXFileReference section */
		BD5B7DA91C9BAD2B0095F712 /* Demo.app */ = {isa = PBXFileReference; explicitFileType = wrapper.application; includeInIndex = 0; path = Demo.app; sourceTree = BUILT_PRODUCTS_DIR; };
		BD5B7DAC1C9BAD2B0095F712 /* AppDelegate.swift */ = {isa = PBXFileReference; lastKnownFileType = sourcecode.swift; path = AppDelegate.swift; sourceTree = "<group>"; };
		BD5B7DAE1C9BAD2B0095F712 /* ViewController.swift */ = {isa = PBXFileReference; lastKnownFileType = sourcecode.swift; path = ViewController.swift; sourceTree = "<group>"; };
		BD5B7DB11C9BAD2B0095F712 /* Base */ = {isa = PBXFileReference; lastKnownFileType = file.storyboard; name = Base; path = Base.lproj/Main.storyboard; sourceTree = "<group>"; };
		BD5B7DB41C9BAD2B0095F712 /* Demo.xcdatamodel */ = {isa = PBXFileReference; lastKnownFileType = wrapper.xcdatamodel; path = Demo.xcdatamodel; sourceTree = "<group>"; };
		BD5B7DB61C9BAD2B0095F712 /* Assets.xcassets */ = {isa = PBXFileReference; lastKnownFileType = folder.assetcatalog; path = Assets.xcassets; sourceTree = "<group>"; };
		BD5B7DB91C9BAD2B0095F712 /* Base */ = {isa = PBXFileReference; lastKnownFileType = file.storyboard; name = Base; path = Base.lproj/LaunchScreen.storyboard; sourceTree = "<group>"; };
		BD5B7DBB1C9BAD2B0095F712 /* Info.plist */ = {isa = PBXFileReference; lastKnownFileType = text.plist.xml; path = Info.plist; sourceTree = "<group>"; };
		BD5B7DC01C9BAD2B0095F712 /* DemoTests.xctest */ = {isa = PBXFileReference; explicitFileType = wrapper.cfbundle; includeInIndex = 0; path = DemoTests.xctest; sourceTree = BUILT_PRODUCTS_DIR; };
		BD5B7DC41C9BAD2B0095F712 /* DemoTests.swift */ = {isa = PBXFileReference; lastKnownFileType = sourcecode.swift; path = DemoTests.swift; sourceTree = "<group>"; };
		BD5B7DC61C9BAD2B0095F712 /* Info.plist */ = {isa = PBXFileReference; lastKnownFileType = text.plist.xml; path = Info.plist; sourceTree = "<group>"; };
		BD5B7DCB1C9BAD2B0095F712 /* DemoUITests.xctest */ = {isa = PBXFileReference; explicitFileType = wrapper.cfbundle; includeInIndex = 0; path = DemoUITests.xctest; sourceTree = BUILT_PRODUCTS_DIR; };
		BD5B7DCF1C9BAD2B0095F712 /* DemoUITests.swift */ = {isa = PBXFileReference; lastKnownFileType = sourcecode.swift; path = DemoUITests.swift; sourceTree = "<group>"; };
		BD5B7DD11C9BAD2B0095F712 /* Info.plist */ = {isa = PBXFileReference; lastKnownFileType = text.plist.xml; path = Info.plist; sourceTree = "<group>"; };
/* End PBXFileReference section */

/* Begin PBXFrameworksBuildPhase section */
		BD5B7DA61C9BAD2B0095F712 /* Frameworks */ = {
			isa = PBXFrameworksBuildPhase;
			buildActionMask = 2147483647;
			files = (
			);
			runOnlyForDeploymentPostprocessing = 0;
		};
		BD5B7DBD1C9BAD2B0095F712 /* Frameworks */ = {
			isa = PBXFrameworksBuildPhase;
			buildActionMask = 2147483647;
			files = (
			);
			runOnlyForDeploymentPostprocessing = 0;
		};
		BD5B7DC81C9BAD2B0095F712 /* Frameworks */ = {
			isa = PBXFrameworksBuildPhase;
			buildActionMask = 2147483647;
			files = (
			);
			runOnlyForDeploymentPostprocessing = 0;
		};
/* End PBXFrameworksBuildPhase section */

/* Begin PBXGroup section */
		BD5B7DA01C9BAD2B0095F712 = {
			isa = PBXGroup;
			children = (
				BD5B7DAB1C9BAD2B0095F712 /* Demo */,
				BD5B7DC31C9BAD2B0095F712 /* DemoTests */,
				BD5B7DCE1C9BAD2B0095F712 /* DemoUITests */,
				BD5B7DAA1C9BAD2B0095F712 /* Products */,
			);
			sourceTree = "<group>";
		};
		BD5B7DAA1C9BAD2B0095F712 /* Products */ = {
			isa = PBXGroup;
			children = (
				BD5B7DA91C9BAD2B0095F712 /* Demo.app */,
				BD5B7DC01C9BAD2B0095F712 /* DemoTests.xctest */,
				BD5B7DCB1C9BAD2B0095F712 /* DemoUITests.xctest */,
			);
			name = Products;
			sourceTree = "<group>";
		};
		BD5B7DAB1C9BAD2B0095F712 /* Demo */ = {
			isa = PBXGroup;
			children = (
				BD5B7DAC1C9BAD2B0095F712 /* AppDelegate.swift */,
				BD5B7DAE1C9BAD2B0095F712 /* ViewController.swift */,
				BD5B7DB01C9BAD2B0095F712 /* Main.storyboard */,
				BD5B7DB61C9BAD2B0095F712 /* Assets.xcassets */,
				BD5B7DB81C9BAD2B0095F712 /* LaunchScreen.storyboard */,
				BD5B7DBB1C9BAD2B0095F712 /* Info.plist */,
				BD5B7DB31C9BAD2B0095F712 /* Demo.xcdatamodeld */,
			);
			path = Demo;
			sourceTree = "<group>";
		};
		BD5B7DC31C9BAD2B0095F712 /* DemoTests */ = {
			isa = PBXGroup;
			children = (
				BD5B7DC41C9BAD2B0095F712 /* DemoTests.swift */,
				BD5B7DC61C9BAD2B0095F712 /* Info.plist */,
			);
			path = DemoTests;
			sourceTree = "<group>";
		};
		BD5B7DCE1C9BAD2B0095F712 /* DemoUITests */ = {
			isa = PBXGroup;
			children = (
				BD5B7DCF1C9BAD2B0095F712 /* DemoUITests.swift */,
				BD5B7DD11C9BAD2B0095F712 /* Info.plist */,
			);
			path = DemoUITests;
			sourceTree = "<group>";
		};
/* End PBXGroup section */

/* Begin PBXNativeTarget section */
		BD5B7DA81C9BAD2B0095F712 /* Demo */ = {
			isa = PBXNativeTarget;
			buildConfigurationList = BD5B7DD41C9BAD2B0095F712 /* Build configuration list for PBXNativeTarget "Demo" */;
			buildPhases = (
				BD5B7DA51C9BAD2B0095F712 /* Sources */,
				BD5B7DA61C9BAD2B0095F712 /* Frameworks */,
				BD5B7DA71C9BAD2B0095F712 /* Resources */,
			);
			buildRules = (
			);
			dependencies = (
			);
			name = Demo;
			productName = Demo;
			productReference = BD5B7DA91C9BAD2B0095F712 /* Demo.app */;
			productType = "com.apple.product-type.application";
		};
		BD5B7DBF1C9BAD2B0095F712 /* DemoTests */ = {
			isa = PBXNativeTarget;
			buildConfigurationList = BD5B7DD71C9BAD2B0095F712 /* Build configuration list for PBXNativeTarget "DemoTests" */;
			buildPhases = (
				BD5B7DBC1C9BAD2B0095F712 /* Sources */,
				BD5B7DBD1C9BAD2B0095F712 /* Frameworks */,
				BD5B7DBE1C9BAD2B0095F712 /* Resources */,
			);
			buildRules = (
			);
			dependencies = (
				BD5B7DC21C9BAD2B0095F712 /* PBXTargetDependency */,
			);
			name = DemoTests;
			productName = DemoTests;
			productReference = BD5B7DC01C9BAD2B0095F712 /* DemoTests.xctest */;
			productType = "com.apple.product-type.bundle.unit-test";
		};
		BD5B7DCA1C9BAD2B0095F712 /* DemoUITests */ = {
			isa = PBXNativeTarget;
			buildConfigurationList = BD5B7DDA1C9BAD2B0095F712 /* Build configuration list for PBXNativeTarget "DemoUITests" */;
			buildPhases = (
				BD5B7DC71C9BAD2B0095F712 /* Sources */,
				BD5B7DC81C9BAD2B0095F712 /* Frameworks */,
				BD5B7DC91C9BAD2B0095F712 /* Resources */,
			);
			buildRules = (
			);
			dependencies = (
				BD5B7DCD1C9BAD2B0095F712 /* PBXTargetDependency */,
			);
			name = DemoUITests;
			productName = DemoUITests;
			productReference = BD5B7DCB1C9BAD2B0095F712 /* DemoUITests.xctest */;
			productType = "com.apple.product-type.bundle.ui-testing";
		};
/* End PBXNativeTarget section */

/* Begin PBXProject section */
		BD5B7DA11C9BAD2B0095F712 /* Project object */ = {
			isa = PBXProject;
			attributes = {
				LastSwiftUpdateCheck = 0720;
				LastUpgradeCheck = 0720;
				ORGANIZATIONNAME = "Edward Liu";
				TargetAttributes = {
					BD5B7DA81C9BAD2B0095F712 = {
						CreatedOnToolsVersion = 7.2.1;
						DevelopmentTeam = L9H4GT7SR4;
					};
					BD5B7DBF1C9BAD2B0095F712 = {
						CreatedOnToolsVersion = 7.2.1;
						DevelopmentTeam = L9H4GT7SR4;
						TestTargetID = BD5B7DA81C9BAD2B0095F712;
					};
					BD5B7DCA1C9BAD2B0095F712 = {
						CreatedOnToolsVersion = 7.2.1;
						DevelopmentTeam = L9H4GT7SR4;
						TestTargetID = BD5B7DA81C9BAD2B0095F712;
					};
				};
			};
			buildConfigurationList = BD5B7DA41C9BAD2B0095F712 /* Build configuration list for PBXProject "Demo" */;
			compatibilityVersion = "Xcode 3.2";
			developmentRegion = English;
			hasScannedForEncodings = 0;
			knownRegions = (
				en,
				Base,
			);
			mainGroup = BD5B7DA01C9BAD2B0095F712;
			productRefGroup = BD5B7DAA1C9BAD2B0095F712 /* Products */;
			projectDirPath = "";
			projectRoot = "";
			targets = (
				BD5B7DA81C9BAD2B0095F712 /* Demo */,
				BD5B7DBF1C9BAD2B0095F712 /* DemoTests */,
				BD5B7DCA1C9BAD2B0095F712 /* DemoUITests */,
			);
		};
/* End PBXProject section */

/* Begin PBXResourcesBuildPhase section */
		BD5B7DA71C9BAD2B0095F712 /* Resources */ = {
			isa = PBXResourcesBuildPhase;
			buildActionMask = 2147483647;
			files = (
				BD5B7DBA1C9BAD2B0095F712 /* LaunchScreen.storyboard in Resources */,
				BD5B7DB71C9BAD2B0095F712 /* Assets.xcassets in Resources */,
				BD5B7DB21C9BAD2B0095F712 /* Main.storyboard in Resources */,
			);
			runOnlyForDeploymentPostprocessing = 0;
		};
		BD5B7DBE1C9BAD2B0095F712 /* Resources */ = {
			isa = PBXResourcesBuildPhase;
			buildActionMask = 2147483647;
			files = (
			);
			runOnlyForDeploymentPostprocessing = 0;
		};
		BD5B7DC91C9BAD2B0095F712 /* Resources */ = {
			isa = PBXResourcesBuildPhase;
			buildActionMask = 2147483647;
			files = (
			);
			runOnlyForDeploymentPostprocessing = 0;
		};
/* End PBXResourcesBuildPhase section */

/* Begin PBXSourcesBuildPhase section */
		BD5B7DA51C9BAD2B0095F712 /* Sources */ = {
			isa = PBXSourcesBuildPhase;
			buildActionMask = 2147483647;
			files = (
				BD5B7DB51C9BAD2B0095F712 /* Demo.xcdatamodeld in Sources */,
				BD5B7DAF1C9BAD2B0095F712 /* ViewController.swift in Sources */,
				BD5B7DAD1C9BAD2B0095F712 /* AppDelegate.swift in Sources */,
			);
			runOnlyForDeploymentPostprocessing = 0;
		};
		BD5B7DBC1C9BAD2B0095F712 /* Sources */ = {
			isa = PBXSourcesBuildPhase;
			buildActionMask = 2147483647;
			files = (
				BD5B7DC51C9BAD2B0095F712 /* DemoTests.swift in Sources */,
			);
			runOnlyForDeploymentPostprocessing = 0;
		};
		BD5B7DC71C9BAD2B0095F712 /* Sources */ = {
			isa = PBXSourcesBuildPhase;
			buildActionMask = 2147483647;
			files = (
				BD5B7DD01C9BAD2B0095F712 /* DemoUITests.swift in Sources */,
			);
			runOnlyForDeploymentPostprocessing = 0;
		};
/* End PBXSourcesBuildPhase section */

/* Begin PBXTargetDependency section */
		BD5B7DC21C9BAD2B0095F712 /* PBXTargetDependency */ = {
			isa = PBXTargetDependency;
			target = BD5B7DA81C9BAD2B0095F712 /* Demo */;
			targetProxy = BD5B7DC11C9BAD2B0095F712 /* PBXContainerItemProxy */;
		};
		BD5B7DCD1C9BAD2B0095F712 /* PBXTargetDependency */ = {
			isa = PBXTargetDependency;
			target = BD5B7DA81C9BAD2B0095F712 /* Demo */;
			targetProxy = BD5B7DCC1C9BAD2B0095F712 /* PBXContainerItemProxy */;
		};
/* End PBXTargetDependency section */

/* Begin PBXVariantGroup section */
		BD5B7DB01C9BAD2B0095F712 /* Main.storyboard */ = {
			isa = PBXVariantGroup;
			children = (
				BD5B7DB11C9BAD2B0095F712 /* Base */,
			);
			name = Main.storyboard;
			sourceTree = "<group>";
		};
		BD5B7DB81C9BAD2B0095F712 /* LaunchScreen.storyboard */ = {
			isa = PBXVariantGroup;
			children = (
				BD5B7DB91C9BAD2B0095F712 /* Base */,
			);
			name = LaunchScreen.storyboard;
			sourceTree = "<group>";
		};
/* End PBXVariantGroup section */

/* Begin XCBuildConfiguration section */
		BD5B7DD21C9BAD2B0095F712 /* Debug */ = {
			isa = XCBuildConfiguration;
			buildSettings = {
				ALWAYS_SEARCH_USER_PATHS = NO;
				CLANG_CXX_LANGUAGE_STANDARD = "gnu++0x";
				CLANG_CXX_LIBRARY = "libc++";
				CLANG_ENABLE_MODULES = YES;
				CLANG_ENABLE_OBJC_ARC = YES;
				CLANG_WARN_BOOL_CONVERSION = YES;
				CLANG_WARN_CONSTANT_CONVERSION = YES;
				CLANG_WARN_DIRECT_OBJC_ISA_USAGE = YES_ERROR;
				CLANG_WARN_EMPTY_BODY = YES;
				CLANG_WARN_ENUM_CONVERSION = YES;
				CLANG_WARN_INT_CONVERSION = YES;
				CLANG_WARN_OBJC_ROOT_CLASS = YES_ERROR;
				CLANG_WARN_UNREACHABLE_CODE = YES;
				CLANG_WARN__DUPLICATE_METHOD_MATCH = YES;
				"CODE_SIGN_IDENTITY[sdk=iphoneos*]" = "iPhone Developer";
				COPY_PHASE_STRIP = NO;
				DEBUG_INFORMATION_FORMAT = dwarf;
				ENABLE_STRICT_OBJC_MSGSEND = YES;
				ENABLE_TESTABILITY = YES;
				GCC_C_LANGUAGE_STANDARD = gnu99;
				GCC_DYNAMIC_NO_PIC = NO;
				GCC_NO_COMMON_BLOCKS = YES;
				GCC_OPTIMIZATION_LEVEL = 0;
				GCC_PREPROCESSOR_DEFINITIONS = (
					"DEBUG=1",
					"$(inherited)",
				);
				GCC_WARN_64_TO_32_BIT_CONVERSION = YES;
				GCC_WARN_ABOUT_RETURN_TYPE = YES_ERROR;
				GCC_WARN_UNDECLARED_SELECTOR = YES;
				GCC_WARN_UNINITIALIZED_AUTOS = YES_AGGRESSIVE;
				GCC_WARN_UNUSED_FUNCTION = YES;
				GCC_WARN_UNUSED_VARIABLE = YES;
				IPHONEOS_DEPLOYMENT_TARGET = 9.2;
				MTL_ENABLE_DEBUG_INFO = YES;
				ONLY_ACTIVE_ARCH = YES;
				SDKROOT = iphoneos;
				SWIFT_OPTIMIZATION_LEVEL = "-Onone";
				TARGETED_DEVICE_FAMILY = "1,2";
			};
			name = Debug;
		};
		BD5B7DD31C9BAD2B0095F712 /* Release */ = {
			isa = XCBuildConfiguration;
			buildSettings = {
				ALWAYS_SEARCH_USER_PATHS = NO;
				CLANG_CXX_LANGUAGE_STANDARD = "gnu++0x";
				CLANG_CXX_LIBRARY = "libc++";
				CLANG_ENABLE_MODULES = YES;
				CLANG_ENABLE_OBJC_ARC = YES;
				CLANG_WARN_BOOL_CONVERSION = YES;
				CLANG_WARN_CONSTANT_CONVERSION = YES;
				CLANG_WARN_DIRECT_OBJC_ISA_USAGE = YES_ERROR;
				CLANG_WARN_EMPTY_BODY = YES;
				CLANG_WARN_ENUM_CONVERSION = YES;
				CLANG_WARN_INT_CONVERSION = YES;
				CLANG_WARN_OBJC_ROOT_CLASS = YES_ERROR;
				CLANG_WARN_UNREACHABLE_CODE = YES;
				CLANG_WARN__DUPLICATE_METHOD_MATCH = YES;
				"CODE_SIGN_IDENTITY[sdk=iphoneos*]" = "iPhone Developer";
				COPY_PHASE_STRIP = NO;
				DEBUG_INFORMATION_FORMAT = "dwarf-with-dsym";
				ENABLE_NS_ASSERTIONS = NO;
				ENABLE_STRICT_OBJC_MSGSEND = YES;
				GCC_C_LANGUAGE_STANDARD = gnu99;
				GCC_NO_COMMON_BLOCKS = YES;
				GCC_WARN_64_TO_32_BIT_CONVERSION = YES;
				GCC_WARN_ABOUT_RETURN_TYPE = YES_ERROR;
				GCC_WARN_UNDECLARED_SELECTOR = YES;
				GCC_WARN_UNINITIALIZED_AUTOS = YES_AGGRESSIVE;
				GCC_WARN_UNUSED_FUNCTION = YES;
				GCC_WARN_UNUSED_VARIABLE = YES;
				IPHONEOS_DEPLOYMENT_TARGET = 9.2;
				MTL_ENABLE_DEBUG_INFO = NO;
				SDKROOT = iphoneos;
				TARGETED_DEVICE_FAMILY = "1,2";
				VALIDATE_PRODUCT = YES;
			};
			name = Release;
		};
		BD5B7DD51C9BAD2B0095F712 /* Debug */ = {
			isa = XCBuildConfiguration;
			buildSettings = {
				ASSETCATALOG_COMPILER_APPICON_NAME = AppIcon;
				INFOPLIST_FILE = Demo/Info.plist;
				LD_RUNPATH_SEARCH_PATHS = "$(inherited) @executable_path/Frameworks";
				PRODUCT_BUNDLE_IDENTIFIER = com.eliu.Demo;
				PRODUCT_NAME = "$(TARGET_NAME)";
			};
			name = Debug;
		};
		BD5B7DD61C9BAD2B0095F712 /* Release */ = {
			isa = XCBuildConfiguration;
			buildSettings = {
				ASSETCATALOG_COMPILER_APPICON_NAME = AppIcon;
				INFOPLIST_FILE = Demo/Info.plist;
				LD_RUNPATH_SEARCH_PATHS = "$(inherited) @executable_path/Frameworks";
				PRODUCT_BUNDLE_IDENTIFIER = com.eliu.Demo;
				PRODUCT_NAME = "$(TARGET_NAME)";
			};
			name = Release;
		};
		BD5B7DD81C9BAD2B0095F712 /* Debug */ = {
			isa = XCBuildConfiguration;
			buildSettings = {
				BUNDLE_LOADER = "$(TEST_HOST)";
				INFOPLIST_FILE = DemoTests/Info.plist;
				LD_RUNPATH_SEARCH_PATHS = "$(inherited) @executable_path/Frameworks @loader_path/Frameworks";
				PRODUCT_BUNDLE_IDENTIFIER = com.eliu.DemoTests;
				PRODUCT_NAME = "$(TARGET_NAME)";
				TEST_HOST = "$(BUILT_PRODUCTS_DIR)/Demo.app/Demo";
			};
			name = Debug;
		};
		BD5B7DD91C9BAD2B0095F712 /* Release */ = {
			isa = XCBuildConfiguration;
			buildSettings = {
				BUNDLE_LOADER = "$(TEST_HOST)";
				INFOPLIST_FILE = DemoTests/Info.plist;
				LD_RUNPATH_SEARCH_PATHS = "$(inherited) @executable_path/Frameworks @loader_path/Frameworks";
				PRODUCT_BUNDLE_IDENTIFIER = com.eliu.DemoTests;
				PRODUCT_NAME = "$(TARGET_NAME)";
				TEST_HOST = "$(BUILT_PRODUCTS_DIR)/Demo.app/Demo";
			};
			name = Release;
		};
		BD5B7DDB1C9BAD2B0095F712 /* Debug */ = {
			isa = XCBuildConfiguration;
			buildSettings = {
				INFOPLIST_FILE = DemoUITests/Info.plist;
				LD_RUNPATH_SEARCH_PATHS = "$(inherited) @executable_path/Frameworks @loader_path/Frameworks";
				PRODUCT_BUNDLE_IDENTIFIER = com.eliu.DemoUITests;
				PRODUCT_NAME = "$(TARGET_NAME)";
				TEST_TARGET_NAME = Demo;
				USES_XCTRUNNER = YES;
			};
			name = Debug;
		};
		BD5B7DDC1C9BAD2B0095F712 /* Release */ = {
			isa = XCBuildConfiguration;
			buildSettings = {
				INFOPLIST_FILE = DemoUITests/Info.plist;
				LD_RUNPATH_SEARCH_PATHS = "$(inherited) @executable_path/Frameworks @loader_path/Frameworks";
				PRODUCT_BUNDLE_IDENTIFIER = com.eliu.DemoUITests;
				PRODUCT_NAME = "$(TARGET_NAME)";
				TEST_TARGET_NAME = Demo;
				USES_XCTRUNNER = YES;
			};
			name = Release;
		};
/* End XCBuildConfiguration section */

/* Begin XCConfigurationList section */
		BD5B7DA41C9BAD2B0095F712 /* Build configuration list for PBXProject "Demo" */ = {
			isa = XCConfigurationList;
			buildConfigurations = (
				BD5B7DD21C9BAD2B0095F712 /* Debug */,
				BD5B7DD31C9BAD2B0095F712 /* Release */,
			);
			defaultConfigurationIsVisible = 0;
			defaultConfigurationName = Release;
		};
		BD5B7DD41C9BAD2B0095F712 /* Build configuration list for PBXNativeTarget "Demo" */ = {
			isa = XCConfigurationList;
			buildConfigurations = (
				BD5B7DD51C9BAD2B0095F712 /* Debug */,
				BD5B7DD61C9BAD2B0095F712 /* Release */,
			);
			defaultConfigurationIsVisible = 0;
		};
		BD5B7DD71C9BAD2B0095F712 /* Build configuration list for PBXNativeTarget "DemoTests" */ = {
			isa = XCConfigurationList;
			buildConfigurations = (
				BD5B7DD81C9BAD2B0095F712 /* Debug */,
				BD5B7DD91C9BAD2B0095F712 /* Release */,
			);
			defaultConfigurationIsVisible = 0;
		};
		BD5B7DDA1C9BAD2B0095F712 /* Build configuration list for PBXNativeTarget "DemoUITests" */ = {
			isa = XCConfigurationList;
			buildConfigurations = (
				BD5B7DDB1C9BAD2B0095F712 /* Debug */,
				BD5B7DDC1C9BAD2B0095F712 /* Release */,
			);
			defaultConfigurationIsVisible = 0;
		};
/* End XCConfigurationList section */

/* Begin XCVersionGroup section */
		BD5B7DB31C9BAD2B0095F712 /* Demo.xcdatamodeld */ = {
			isa = XCVersionGroup;
			children = (
				BD5B7DB41C9BAD2B0095F712 /* Demo.xcdatamodel */,
			);
			currentVersion = BD5B7DB41C9BAD2B0095F712 /* Demo.xcdatamodel */;
			path = Demo.xcdatamodeld;
			sourceTree = "<group>";
			versionGroupType = wrapper.xcdatamodel;
		};
/* End XCVersionGroup section */
	};
	rootObject = BD5B7DA11C9BAD2B0095F712 /* Project object */;
}
